
Microsoft Visual Studio Solution File, Format Version 12.00
# Visual Studio Version 17
VisualStudioVersion = 17.4.33110.190
MinimumVisualStudioVersion = 10.0.40219.1
Project("{FAE04EC0-301F-11D3-BF4B-00C04F79EFBC}") = "Act4-1 Pet Name Generator", "Act4-1 Pet Name Generator\Act4-1 Pet Name Generator.csproj", "{9BFB24CB-33EE-4546-B60D-7B5492E5B008}"
EndProject
Global
	GlobalSection(SolutionConfigurationPlatforms) = preSolution
		Debug|Any CPU = Debug|Any CPU
		Release|Any CPU = Release|Any CPU
	EndGlobalSection
	GlobalSection(ProjectConfigurationPlatforms) = postSolution
		{9BFB24CB-33EE-4546-B60D-7B5492E5B008}.Debug|Any CPU.ActiveCfg = Debug|Any CPU
		{9BFB24CB-33EE-4546-B60D-7B5492E5B008}.Debug|Any CPU.Build.0 = Debug|Any CPU
		{9BFB24CB-33EE-4546-B60D-7B5492E5B008}.Release|Any CPU.ActiveCfg = Release|Any CPU
		{9BFB24CB-33EE-4546-B60D-7B5492E5B008}.Release|Any CPU.Build.0 = Release|Any CPU
	EndGlobalSection
	GlobalSection(SolutionProperties) = preSolution
		HideSolutionNode = FALSE
	EndGlobalSection
	GlobalSection(ExtensibilityGlobals) = postSolution
		SolutionGuid = {EDABD098-4B91-4061-97BC-959B850D6F93}
	EndGlobalSection
EndGlobal
